
Microsoft Visual Studio Solution File, Format Version 12.00
# Visual Studio Version 16
VisualStudioVersion = 16.0.31410.357
MinimumVisualStudioVersion = 10.0.40219.1
Project("{FAE04EC0-301F-11D3-BF4B-00C04F79EFBC}") = "Kahwa", "Kahwa\Kahwa.csproj", "{6208D2A0-0C65-4459-BD8E-B8B86A1B33DE}"
EndProject
Global
	GlobalSection(SolutionConfigurationPlatforms) = preSolution
		Debug|Any CPU = Debug|Any CPU
		Release|Any CPU = Release|Any CPU
	EndGlobalSection
	GlobalSection(ProjectConfigurationPlatforms) = postSolution
		{6208D2A0-0C65-4459-BD8E-B8B86A1B33DE}.Debug|Any CPU.ActiveCfg = Debug|Any CPU
		{6208D2A0-0C65-4459-BD8E-B8B86A1B33DE}.Debug|Any CPU.Build.0 = Debug|Any CPU
		{6208D2A0-0C65-4459-BD8E-B8B86A1B33DE}.Release|Any CPU.ActiveCfg = Release|Any CPU
		{6208D2A0-0C65-4459-BD8E-B8B86A1B33DE}.Release|Any CPU.Build.0 = Release|Any CPU
	EndGlobalSection
	GlobalSection(SolutionProperties) = preSolution
		HideSolutionNode = FALSE
	EndGlobalSection
	GlobalSection(ExtensibilityGlobals) = postSolution
		SolutionGuid = {6E8D35D3-B938-4000-8F83-49BB4110FEAC}
	EndGlobalSection
EndGlobal
